
Microsoft Visual Studio Solution File, Format Version 12.00
# Visual Studio 15
VisualStudioVersion = 15.0.27004.2005
MinimumVisualStudioVersion = 10.0.40219.1
Project("{FAE04EC0-301F-11D3-BF4B-00C04F79EFBC}") = "Stopwatch.Core", "Stopwatch\Stopwatch.Core\Stopwatch.Core.csproj", "{92A7D601-0A5D-4468-88AD-47A8DD026814}"
EndProject
Project("{FAE04EC0-301F-11D3-BF4B-00C04F79EFBC}") = "Stopwatch.Droid", "Stopwatch\Stopwatch.Droid\Stopwatch.Droid.csproj", "{D46D6A40-BA16-4BA7-8626-A0F59EBE169F}"
EndProject
Project("{FAE04EC0-301F-11D3-BF4B-00C04F79EFBC}") = "Stopwatch.iOS", "Stopwatch\Stopwatch.iOS\Stopwatch.iOS.csproj", "{D12A90E4-4786-4F8D-9555-0D0946C7C109}"
EndProject
Global
	GlobalSection(SolutionConfigurationPlatforms) = preSolution
		Debug|Any CPU = Debug|Any CPU
		Debug|iPhone = Debug|iPhone
		Debug|iPhoneSimulator = Debug|iPhoneSimulator
		Release|Any CPU = Release|Any CPU
		Release|iPhone = Release|iPhone
		Release|iPhoneSimulator = Release|iPhoneSimulator
	EndGlobalSection
	GlobalSection(ProjectConfigurationPlatforms) = postSolution
		{92A7D601-0A5D-4468-88AD-47A8DD026814}.Debug|Any CPU.ActiveCfg = Debug|Any CPU
		{92A7D601-0A5D-4468-88AD-47A8DD026814}.Debug|Any CPU.Build.0 = Debug|Any CPU
		{92A7D601-0A5D-4468-88AD-47A8DD026814}.Debug|iPhone.ActiveCfg = Debug|Any CPU
		{92A7D601-0A5D-4468-88AD-47A8DD026814}.Debug|iPhone.Build.0 = Debug|Any CPU
		{92A7D601-0A5D-4468-88AD-47A8DD026814}.Debug|iPhoneSimulator.ActiveCfg = Debug|Any CPU
		{92A7D601-0A5D-4468-88AD-47A8DD026814}.Debug|iPhoneSimulator.Build.0 = Debug|Any CPU
		{92A7D601-0A5D-4468-88AD-47A8DD026814}.Release|Any CPU.ActiveCfg = Release|Any CPU
		{92A7D601-0A5D-4468-88AD-47A8DD026814}.Release|Any CPU.Build.0 = Release|Any CPU
		{92A7D601-0A5D-4468-88AD-47A8DD026814}.Release|iPhone.ActiveCfg = Release|Any CPU
		{92A7D601-0A5D-4468-88AD-47A8DD026814}.Release|iPhone.Build.0 = Release|Any CPU
		{92A7D601-0A5D-4468-88AD-47A8DD026814}.Release|iPhoneSimulator.ActiveCfg = Release|Any CPU
		{92A7D601-0A5D-4468-88AD-47A8DD026814}.Release|iPhoneSimulator.Build.0 = Release|Any CPU
		{D46D6A40-BA16-4BA7-8626-A0F59EBE169F}.Debug|Any CPU.ActiveCfg = Debug|Any CPU
		{D46D6A40-BA16-4BA7-8626-A0F59EBE169F}.Debug|Any CPU.Build.0 = Debug|Any CPU
		{D46D6A40-BA16-4BA7-8626-A0F59EBE169F}.Debug|Any CPU.Deploy.0 = Debug|Any CPU
		{D46D6A40-BA16-4BA7-8626-A0F59EBE169F}.Debug|iPhone.ActiveCfg = Debug|Any CPU
		{D46D6A40-BA16-4BA7-8626-A0F59EBE169F}.Debug|iPhone.Build.0 = Debug|Any CPU
		{D46D6A40-BA16-4BA7-8626-A0F59EBE169F}.Debug|iPhone.Deploy.0 = Debug|Any CPU
		{D46D6A40-BA16-4BA7-8626-A0F59EBE169F}.Debug|iPhoneSimulator.ActiveCfg = Debug|Any CPU
		{D46D6A40-BA16-4BA7-8626-A0F59EBE169F}.Debug|iPhoneSimulator.Build.0 = Debug|Any CPU
		{D46D6A40-BA16-4BA7-8626-A0F59EBE169F}.Debug|iPhoneSimulator.Deploy.0 = Debug|Any CPU
		{D46D6A40-BA16-4BA7-8626-A0F59EBE169F}.Release|Any CPU.ActiveCfg = Release|Any CPU
		{D46D6A40-BA16-4BA7-8626-A0F59EBE169F}.Release|Any CPU.Build.0 = Release|Any CPU
		{D46D6A40-BA16-4BA7-8626-A0F59EBE169F}.Release|Any CPU.Deploy.0 = Release|Any CPU
		{D46D6A40-BA16-4BA7-8626-A0F59EBE169F}.Release|iPhone.ActiveCfg = Release|Any CPU
		{D46D6A40-BA16-4BA7-8626-A0F59EBE169F}.Release|iPhone.Build.0 = Release|Any CPU
		{D46D6A40-BA16-4BA7-8626-A0F59EBE169F}.Release|iPhone.Deploy.0 = Release|Any CPU
		{D46D6A40-BA16-4BA7-8626-A0F59EBE169F}.Release|iPhoneSimulator.ActiveCfg = Release|Any CPU
		{D46D6A40-BA16-4BA7-8626-A0F59EBE169F}.Release|iPhoneSimulator.Build.0 = Release|Any CPU
		{D46D6A40-BA16-4BA7-8626-A0F59EBE169F}.Release|iPhoneSimulator.Deploy.0 = Release|Any CPU
		{D12A90E4-4786-4F8D-9555-0D0946C7C109}.Debug|Any CPU.ActiveCfg = Debug|iPhone
		{D12A90E4-4786-4F8D-9555-0D0946C7C109}.Debug|iPhone.ActiveCfg = Debug|iPhone
		{D12A90E4-4786-4F8D-9555-0D0946C7C109}.Debug|iPhone.Build.0 = Debug|iPhone
		{D12A90E4-4786-4F8D-9555-0D0946C7C109}.Debug|iPhoneSimulator.ActiveCfg = Debug|iPhoneSimulator
		{D12A90E4-4786-4F8D-9555-0D0946C7C109}.Debug|iPhoneSimulator.Build.0 = Debug|iPhoneSimulator
		{D12A90E4-4786-4F8D-9555-0D0946C7C109}.Release|Any CPU.ActiveCfg = Release|iPhone
		{D12A90E4-4786-4F8D-9555-0D0946C7C109}.Release|iPhone.ActiveCfg = Release|iPhone
		{D12A90E4-4786-4F8D-9555-0D0946C7C109}.Release|iPhone.Build.0 = Release|iPhone
		{D12A90E4-4786-4F8D-9555-0D0946C7C109}.Release|iPhoneSimulator.ActiveCfg = Release|iPhoneSimulator
		{D12A90E4-4786-4F8D-9555-0D0946C7C109}.Release|iPhoneSimulator.Build.0 = Release|iPhoneSimulator
	EndGlobalSection
	GlobalSection(SolutionProperties) = preSolution
		HideSolutionNode = FALSE
	EndGlobalSection
	GlobalSection(ExtensibilityGlobals) = postSolution
		SolutionGuid = {9228F768-528C-4615-B90F-9AF48DD5528A}
	EndGlobalSection
EndGlobal
