
Microsoft Visual Studio Solution File, Format Version 12.00
# Visual Studio 15
VisualStudioVersion = 15.0.26430.16
MinimumVisualStudioVersion = 10.0.40219.1
Project("{D954291E-2A0B-460D-934E-DC6B0785DB48}") = "Stopwatch", "Stopwatch\Stopwatch\Stopwatch.shproj", "{BE896D3B-4D03-40F2-9D07-A2B2A6DB6A60}"
EndProject
Project("{FAE04EC0-301F-11D3-BF4B-00C04F79EFBC}") = "Stopwatch.Android", "Stopwatch\Stopwatch.Android\Stopwatch.Android.csproj", "{7A02280B-527E-4463-B23E-1CCBC52D8D42}"
EndProject
Project("{FAE04EC0-301F-11D3-BF4B-00C04F79EFBC}") = "Stopwatch.iOS", "Stopwatch\Stopwatch.iOS\Stopwatch.iOS.csproj", "{18C423DE-3CA1-4C13-BE87-519701452619}"
EndProject
Project("{FAE04EC0-301F-11D3-BF4B-00C04F79EFBC}") = "Stopwatch.UWP", "Stopwatch\Stopwatch.UWP\Stopwatch.UWP.csproj", "{02FED120-9AC3-4030-B87C-08197309F045}"
EndProject
Global
	GlobalSection(SharedMSBuildProjectFiles) = preSolution
		Stopwatch\Stopwatch\Stopwatch.projitems*{02fed120-9ac3-4030-b87c-08197309f045}*SharedItemsImports = 4
		Stopwatch\Stopwatch\Stopwatch.projitems*{18c423de-3ca1-4c13-be87-519701452619}*SharedItemsImports = 4
		Stopwatch\Stopwatch\Stopwatch.projitems*{7a02280b-527e-4463-b23e-1ccbc52d8d42}*SharedItemsImports = 4
		Stopwatch\Stopwatch\Stopwatch.projitems*{be896d3b-4d03-40f2-9d07-a2b2a6db6a60}*SharedItemsImports = 13
	EndGlobalSection
	GlobalSection(SolutionConfigurationPlatforms) = preSolution
		Ad-Hoc|Any CPU = Ad-Hoc|Any CPU
		Ad-Hoc|ARM = Ad-Hoc|ARM
		Ad-Hoc|iPhone = Ad-Hoc|iPhone
		Ad-Hoc|iPhoneSimulator = Ad-Hoc|iPhoneSimulator
		Ad-Hoc|x64 = Ad-Hoc|x64
		Ad-Hoc|x86 = Ad-Hoc|x86
		AppStore|Any CPU = AppStore|Any CPU
		AppStore|ARM = AppStore|ARM
		AppStore|iPhone = AppStore|iPhone
		AppStore|iPhoneSimulator = AppStore|iPhoneSimulator
		AppStore|x64 = AppStore|x64
		AppStore|x86 = AppStore|x86
		Debug|Any CPU = Debug|Any CPU
		Debug|ARM = Debug|ARM
		Debug|iPhone = Debug|iPhone
		Debug|iPhoneSimulator = Debug|iPhoneSimulator
		Debug|x64 = Debug|x64
		Debug|x86 = Debug|x86
		Release|Any CPU = Release|Any CPU
		Release|ARM = Release|ARM
		Release|iPhone = Release|iPhone
		Release|iPhoneSimulator = Release|iPhoneSimulator
		Release|x64 = Release|x64
		Release|x86 = Release|x86
	EndGlobalSection
	GlobalSection(ProjectConfigurationPlatforms) = postSolution
		{7A02280B-527E-4463-B23E-1CCBC52D8D42}.Ad-Hoc|Any CPU.ActiveCfg = Release|Any CPU
		{7A02280B-527E-4463-B23E-1CCBC52D8D42}.Ad-Hoc|Any CPU.Build.0 = Release|Any CPU
		{7A02280B-527E-4463-B23E-1CCBC52D8D42}.Ad-Hoc|Any CPU.Deploy.0 = Release|Any CPU
		{7A02280B-527E-4463-B23E-1CCBC52D8D42}.Ad-Hoc|ARM.ActiveCfg = Release|Any CPU
		{7A02280B-527E-4463-B23E-1CCBC52D8D42}.Ad-Hoc|ARM.Build.0 = Release|Any CPU
		{7A02280B-527E-4463-B23E-1CCBC52D8D42}.Ad-Hoc|ARM.Deploy.0 = Release|Any CPU
		{7A02280B-527E-4463-B23E-1CCBC52D8D42}.Ad-Hoc|iPhone.ActiveCfg = Release|Any CPU
		{7A02280B-527E-4463-B23E-1CCBC52D8D42}.Ad-Hoc|iPhone.Build.0 = Release|Any CPU
		{7A02280B-527E-4463-B23E-1CCBC52D8D42}.Ad-Hoc|iPhone.Deploy.0 = Release|Any CPU
		{7A02280B-527E-4463-B23E-1CCBC52D8D42}.Ad-Hoc|iPhoneSimulator.ActiveCfg = Release|Any CPU
		{7A02280B-527E-4463-B23E-1CCBC52D8D42}.Ad-Hoc|iPhoneSimulator.Build.0 = Release|Any CPU
		{7A02280B-527E-4463-B23E-1CCBC52D8D42}.Ad-Hoc|iPhoneSimulator.Deploy.0 = Release|Any CPU
		{7A02280B-527E-4463-B23E-1CCBC52D8D42}.Ad-Hoc|x64.ActiveCfg = Release|Any CPU
		{7A02280B-527E-4463-B23E-1CCBC52D8D42}.Ad-Hoc|x64.Build.0 = Release|Any CPU
		{7A02280B-527E-4463-B23E-1CCBC52D8D42}.Ad-Hoc|x64.Deploy.0 = Release|Any CPU
		{7A02280B-527E-4463-B23E-1CCBC52D8D42}.Ad-Hoc|x86.ActiveCfg = Release|Any CPU
		{7A02280B-527E-4463-B23E-1CCBC52D8D42}.Ad-Hoc|x86.Build.0 = Release|Any CPU
		{7A02280B-527E-4463-B23E-1CCBC52D8D42}.Ad-Hoc|x86.Deploy.0 = Release|Any CPU
		{7A02280B-527E-4463-B23E-1CCBC52D8D42}.AppStore|Any CPU.ActiveCfg = Release|Any CPU
		{7A02280B-527E-4463-B23E-1CCBC52D8D42}.AppStore|Any CPU.Build.0 = Release|Any CPU
		{7A02280B-527E-4463-B23E-1CCBC52D8D42}.AppStore|Any CPU.Deploy.0 = Release|Any CPU
		{7A02280B-527E-4463-B23E-1CCBC52D8D42}.AppStore|ARM.ActiveCfg = Release|Any CPU
		{7A02280B-527E-4463-B23E-1CCBC52D8D42}.AppStore|ARM.Build.0 = Release|Any CPU
		{7A02280B-527E-4463-B23E-1CCBC52D8D42}.AppStore|ARM.Deploy.0 = Release|Any CPU
		{7A02280B-527E-4463-B23E-1CCBC52D8D42}.AppStore|iPhone.ActiveCfg = Release|Any CPU
		{7A02280B-527E-4463-B23E-1CCBC52D8D42}.AppStore|iPhone.Build.0 = Release|Any CPU
		{7A02280B-527E-4463-B23E-1CCBC52D8D42}.AppStore|iPhone.Deploy.0 = Release|Any CPU
		{7A02280B-527E-4463-B23E-1CCBC52D8D42}.AppStore|iPhoneSimulator.ActiveCfg = Release|Any CPU
		{7A02280B-527E-4463-B23E-1CCBC52D8D42}.AppStore|iPhoneSimulator.Build.0 = Release|Any CPU
		{7A02280B-527E-4463-B23E-1CCBC52D8D42}.AppStore|iPhoneSimulator.Deploy.0 = Release|Any CPU
		{7A02280B-527E-4463-B23E-1CCBC52D8D42}.AppStore|x64.ActiveCfg = Release|Any CPU
		{7A02280B-527E-4463-B23E-1CCBC52D8D42}.AppStore|x64.Build.0 = Release|Any CPU
		{7A02280B-527E-4463-B23E-1CCBC52D8D42}.AppStore|x64.Deploy.0 = Release|Any CPU
		{7A02280B-527E-4463-B23E-1CCBC52D8D42}.AppStore|x86.ActiveCfg = Release|Any CPU
		{7A02280B-527E-4463-B23E-1CCBC52D8D42}.AppStore|x86.Build.0 = Release|Any CPU
		{7A02280B-527E-4463-B23E-1CCBC52D8D42}.AppStore|x86.Deploy.0 = Release|Any CPU
		{7A02280B-527E-4463-B23E-1CCBC52D8D42}.Debug|Any CPU.ActiveCfg = Debug|Any CPU
		{7A02280B-527E-4463-B23E-1CCBC52D8D42}.Debug|Any CPU.Build.0 = Debug|Any CPU
		{7A02280B-527E-4463-B23E-1CCBC52D8D42}.Debug|Any CPU.Deploy.0 = Debug|Any CPU
		{7A02280B-527E-4463-B23E-1CCBC52D8D42}.Debug|ARM.ActiveCfg = Debug|Any CPU
		{7A02280B-527E-4463-B23E-1CCBC52D8D42}.Debug|ARM.Build.0 = Debug|Any CPU
		{7A02280B-527E-4463-B23E-1CCBC52D8D42}.Debug|ARM.Deploy.0 = Debug|Any CPU
		{7A02280B-527E-4463-B23E-1CCBC52D8D42}.Debug|iPhone.ActiveCfg = Debug|Any CPU
		{7A02280B-527E-4463-B23E-1CCBC52D8D42}.Debug|iPhone.Build.0 = Debug|Any CPU
		{7A02280B-527E-4463-B23E-1CCBC52D8D42}.Debug|iPhone.Deploy.0 = Debug|Any CPU
		{7A02280B-527E-4463-B23E-1CCBC52D8D42}.Debug|iPhoneSimulator.ActiveCfg = Debug|Any CPU
		{7A02280B-527E-4463-B23E-1CCBC52D8D42}.Debug|iPhoneSimulator.Build.0 = Debug|Any CPU
		{7A02280B-527E-4463-B23E-1CCBC52D8D42}.Debug|iPhoneSimulator.Deploy.0 = Debug|Any CPU
		{7A02280B-527E-4463-B23E-1CCBC52D8D42}.Debug|x64.ActiveCfg = Debug|Any CPU
		{7A02280B-527E-4463-B23E-1CCBC52D8D42}.Debug|x64.Build.0 = Debug|Any CPU
		{7A02280B-527E-4463-B23E-1CCBC52D8D42}.Debug|x64.Deploy.0 = Debug|Any CPU
		{7A02280B-527E-4463-B23E-1CCBC52D8D42}.Debug|x86.ActiveCfg = Debug|Any CPU
		{7A02280B-527E-4463-B23E-1CCBC52D8D42}.Debug|x86.Build.0 = Debug|Any CPU
		{7A02280B-527E-4463-B23E-1CCBC52D8D42}.Debug|x86.Deploy.0 = Debug|Any CPU
		{7A02280B-527E-4463-B23E-1CCBC52D8D42}.Release|Any CPU.ActiveCfg = Release|Any CPU
		{7A02280B-527E-4463-B23E-1CCBC52D8D42}.Release|Any CPU.Build.0 = Release|Any CPU
		{7A02280B-527E-4463-B23E-1CCBC52D8D42}.Release|Any CPU.Deploy.0 = Release|Any CPU
		{7A02280B-527E-4463-B23E-1CCBC52D8D42}.Release|ARM.ActiveCfg = Release|Any CPU
		{7A02280B-527E-4463-B23E-1CCBC52D8D42}.Release|ARM.Build.0 = Release|Any CPU
		{7A02280B-527E-4463-B23E-1CCBC52D8D42}.Release|ARM.Deploy.0 = Release|Any CPU
		{7A02280B-527E-4463-B23E-1CCBC52D8D42}.Release|iPhone.ActiveCfg = Release|Any CPU
		{7A02280B-527E-4463-B23E-1CCBC52D8D42}.Release|iPhone.Build.0 = Release|Any CPU
		{7A02280B-527E-4463-B23E-1CCBC52D8D42}.Release|iPhone.Deploy.0 = Release|Any CPU
		{7A02280B-527E-4463-B23E-1CCBC52D8D42}.Release|iPhoneSimulator.ActiveCfg = Release|Any CPU
		{7A02280B-527E-4463-B23E-1CCBC52D8D42}.Release|iPhoneSimulator.Build.0 = Release|Any CPU
		{7A02280B-527E-4463-B23E-1CCBC52D8D42}.Release|iPhoneSimulator.Deploy.0 = Release|Any CPU
		{7A02280B-527E-4463-B23E-1CCBC52D8D42}.Release|x64.ActiveCfg = Release|Any CPU
		{7A02280B-527E-4463-B23E-1CCBC52D8D42}.Release|x64.Build.0 = Release|Any CPU
		{7A02280B-527E-4463-B23E-1CCBC52D8D42}.Release|x64.Deploy.0 = Release|Any CPU
		{7A02280B-527E-4463-B23E-1CCBC52D8D42}.Release|x86.ActiveCfg = Release|Any CPU
		{7A02280B-527E-4463-B23E-1CCBC52D8D42}.Release|x86.Build.0 = Release|Any CPU
		{7A02280B-527E-4463-B23E-1CCBC52D8D42}.Release|x86.Deploy.0 = Release|Any CPU
		{18C423DE-3CA1-4C13-BE87-519701452619}.Ad-Hoc|Any CPU.ActiveCfg = Ad-Hoc|iPhone
		{18C423DE-3CA1-4C13-BE87-519701452619}.Ad-Hoc|ARM.ActiveCfg = Ad-Hoc|iPhone
		{18C423DE-3CA1-4C13-BE87-519701452619}.Ad-Hoc|iPhone.ActiveCfg = Ad-Hoc|iPhone
		{18C423DE-3CA1-4C13-BE87-519701452619}.Ad-Hoc|iPhone.Build.0 = Ad-Hoc|iPhone
		{18C423DE-3CA1-4C13-BE87-519701452619}.Ad-Hoc|iPhoneSimulator.ActiveCfg = Ad-Hoc|iPhoneSimulator
		{18C423DE-3CA1-4C13-BE87-519701452619}.Ad-Hoc|iPhoneSimulator.Build.0 = Ad-Hoc|iPhoneSimulator
		{18C423DE-3CA1-4C13-BE87-519701452619}.Ad-Hoc|x64.ActiveCfg = Ad-Hoc|iPhone
		{18C423DE-3CA1-4C13-BE87-519701452619}.Ad-Hoc|x86.ActiveCfg = Ad-Hoc|iPhone
		{18C423DE-3CA1-4C13-BE87-519701452619}.AppStore|Any CPU.ActiveCfg = AppStore|iPhone
		{18C423DE-3CA1-4C13-BE87-519701452619}.AppStore|ARM.ActiveCfg = AppStore|iPhone
		{18C423DE-3CA1-4C13-BE87-519701452619}.AppStore|iPhone.ActiveCfg = AppStore|iPhone
		{18C423DE-3CA1-4C13-BE87-519701452619}.AppStore|iPhone.Build.0 = AppStore|iPhone
		{18C423DE-3CA1-4C13-BE87-519701452619}.AppStore|iPhoneSimulator.ActiveCfg = AppStore|iPhoneSimulator
		{18C423DE-3CA1-4C13-BE87-519701452619}.AppStore|iPhoneSimulator.Build.0 = AppStore|iPhoneSimulator
		{18C423DE-3CA1-4C13-BE87-519701452619}.AppStore|x64.ActiveCfg = AppStore|iPhone
		{18C423DE-3CA1-4C13-BE87-519701452619}.AppStore|x86.ActiveCfg = AppStore|iPhone
		{18C423DE-3CA1-4C13-BE87-519701452619}.Debug|Any CPU.ActiveCfg = Debug|iPhone
		{18C423DE-3CA1-4C13-BE87-519701452619}.Debug|ARM.ActiveCfg = Debug|iPhone
		{18C423DE-3CA1-4C13-BE87-519701452619}.Debug|iPhone.ActiveCfg = Debug|iPhone
		{18C423DE-3CA1-4C13-BE87-519701452619}.Debug|iPhone.Build.0 = Debug|iPhone
		{18C423DE-3CA1-4C13-BE87-519701452619}.Debug|iPhoneSimulator.ActiveCfg = Debug|iPhoneSimulator
		{18C423DE-3CA1-4C13-BE87-519701452619}.Debug|iPhoneSimulator.Build.0 = Debug|iPhoneSimulator
		{18C423DE-3CA1-4C13-BE87-519701452619}.Debug|x64.ActiveCfg = Debug|iPhone
		{18C423DE-3CA1-4C13-BE87-519701452619}.Debug|x86.ActiveCfg = Debug|iPhone
		{18C423DE-3CA1-4C13-BE87-519701452619}.Release|Any CPU.ActiveCfg = Release|iPhone
		{18C423DE-3CA1-4C13-BE87-519701452619}.Release|ARM.ActiveCfg = Release|iPhone
		{18C423DE-3CA1-4C13-BE87-519701452619}.Release|iPhone.ActiveCfg = Release|iPhone
		{18C423DE-3CA1-4C13-BE87-519701452619}.Release|iPhone.Build.0 = Release|iPhone
		{18C423DE-3CA1-4C13-BE87-519701452619}.Release|iPhoneSimulator.ActiveCfg = Release|iPhoneSimulator
		{18C423DE-3CA1-4C13-BE87-519701452619}.Release|iPhoneSimulator.Build.0 = Release|iPhoneSimulator
		{18C423DE-3CA1-4C13-BE87-519701452619}.Release|x64.ActiveCfg = Release|iPhone
		{18C423DE-3CA1-4C13-BE87-519701452619}.Release|x86.ActiveCfg = Release|iPhone
		{02FED120-9AC3-4030-B87C-08197309F045}.Ad-Hoc|Any CPU.ActiveCfg = Release|x86
		{02FED120-9AC3-4030-B87C-08197309F045}.Ad-Hoc|Any CPU.Build.0 = Release|x86
		{02FED120-9AC3-4030-B87C-08197309F045}.Ad-Hoc|Any CPU.Deploy.0 = Release|x86
		{02FED120-9AC3-4030-B87C-08197309F045}.Ad-Hoc|ARM.ActiveCfg = Release|ARM
		{02FED120-9AC3-4030-B87C-08197309F045}.Ad-Hoc|ARM.Build.0 = Release|ARM
		{02FED120-9AC3-4030-B87C-08197309F045}.Ad-Hoc|ARM.Deploy.0 = Release|ARM
		{02FED120-9AC3-4030-B87C-08197309F045}.Ad-Hoc|iPhone.ActiveCfg = Release|x86
		{02FED120-9AC3-4030-B87C-08197309F045}.Ad-Hoc|iPhone.Build.0 = Release|x86
		{02FED120-9AC3-4030-B87C-08197309F045}.Ad-Hoc|iPhone.Deploy.0 = Release|x86
		{02FED120-9AC3-4030-B87C-08197309F045}.Ad-Hoc|iPhoneSimulator.ActiveCfg = Release|x86
		{02FED120-9AC3-4030-B87C-08197309F045}.Ad-Hoc|iPhoneSimulator.Build.0 = Release|x86
		{02FED120-9AC3-4030-B87C-08197309F045}.Ad-Hoc|iPhoneSimulator.Deploy.0 = Release|x86
		{02FED120-9AC3-4030-B87C-08197309F045}.Ad-Hoc|x64.ActiveCfg = Release|x64
		{02FED120-9AC3-4030-B87C-08197309F045}.Ad-Hoc|x64.Build.0 = Release|x64
		{02FED120-9AC3-4030-B87C-08197309F045}.Ad-Hoc|x64.Deploy.0 = Release|x64
		{02FED120-9AC3-4030-B87C-08197309F045}.Ad-Hoc|x86.ActiveCfg = Release|x86
		{02FED120-9AC3-4030-B87C-08197309F045}.Ad-Hoc|x86.Build.0 = Release|x86
		{02FED120-9AC3-4030-B87C-08197309F045}.Ad-Hoc|x86.Deploy.0 = Release|x86
		{02FED120-9AC3-4030-B87C-08197309F045}.AppStore|Any CPU.ActiveCfg = Release|x86
		{02FED120-9AC3-4030-B87C-08197309F045}.AppStore|Any CPU.Build.0 = Release|x86
		{02FED120-9AC3-4030-B87C-08197309F045}.AppStore|Any CPU.Deploy.0 = Release|x86
		{02FED120-9AC3-4030-B87C-08197309F045}.AppStore|ARM.ActiveCfg = Release|ARM
		{02FED120-9AC3-4030-B87C-08197309F045}.AppStore|ARM.Build.0 = Release|ARM
		{02FED120-9AC3-4030-B87C-08197309F045}.AppStore|ARM.Deploy.0 = Release|ARM
		{02FED120-9AC3-4030-B87C-08197309F045}.AppStore|iPhone.ActiveCfg = Release|x86
		{02FED120-9AC3-4030-B87C-08197309F045}.AppStore|iPhone.Build.0 = Release|x86
		{02FED120-9AC3-4030-B87C-08197309F045}.AppStore|iPhone.Deploy.0 = Release|x86
		{02FED120-9AC3-4030-B87C-08197309F045}.AppStore|iPhoneSimulator.ActiveCfg = Release|x86
		{02FED120-9AC3-4030-B87C-08197309F045}.AppStore|iPhoneSimulator.Build.0 = Release|x86
		{02FED120-9AC3-4030-B87C-08197309F045}.AppStore|iPhoneSimulator.Deploy.0 = Release|x86
		{02FED120-9AC3-4030-B87C-08197309F045}.AppStore|x64.ActiveCfg = Release|x64
		{02FED120-9AC3-4030-B87C-08197309F045}.AppStore|x64.Build.0 = Release|x64
		{02FED120-9AC3-4030-B87C-08197309F045}.AppStore|x64.Deploy.0 = Release|x64
		{02FED120-9AC3-4030-B87C-08197309F045}.AppStore|x86.ActiveCfg = Release|x86
		{02FED120-9AC3-4030-B87C-08197309F045}.AppStore|x86.Build.0 = Release|x86
		{02FED120-9AC3-4030-B87C-08197309F045}.AppStore|x86.Deploy.0 = Release|x86
		{02FED120-9AC3-4030-B87C-08197309F045}.Debug|Any CPU.ActiveCfg = Debug|x86
		{02FED120-9AC3-4030-B87C-08197309F045}.Debug|ARM.ActiveCfg = Debug|ARM
		{02FED120-9AC3-4030-B87C-08197309F045}.Debug|ARM.Build.0 = Debug|ARM
		{02FED120-9AC3-4030-B87C-08197309F045}.Debug|ARM.Deploy.0 = Debug|ARM
		{02FED120-9AC3-4030-B87C-08197309F045}.Debug|iPhone.ActiveCfg = Debug|x86
		{02FED120-9AC3-4030-B87C-08197309F045}.Debug|iPhoneSimulator.ActiveCfg = Debug|x86
		{02FED120-9AC3-4030-B87C-08197309F045}.Debug|x64.ActiveCfg = Debug|x64
		{02FED120-9AC3-4030-B87C-08197309F045}.Debug|x64.Build.0 = Debug|x64
		{02FED120-9AC3-4030-B87C-08197309F045}.Debug|x64.Deploy.0 = Debug|x64
		{02FED120-9AC3-4030-B87C-08197309F045}.Debug|x86.ActiveCfg = Debug|x86
		{02FED120-9AC3-4030-B87C-08197309F045}.Debug|x86.Build.0 = Debug|x86
		{02FED120-9AC3-4030-B87C-08197309F045}.Debug|x86.Deploy.0 = Debug|x86
		{02FED120-9AC3-4030-B87C-08197309F045}.Release|Any CPU.ActiveCfg = Release|x86
		{02FED120-9AC3-4030-B87C-08197309F045}.Release|ARM.ActiveCfg = Release|ARM
		{02FED120-9AC3-4030-B87C-08197309F045}.Release|ARM.Build.0 = Release|ARM
		{02FED120-9AC3-4030-B87C-08197309F045}.Release|ARM.Deploy.0 = Release|ARM
		{02FED120-9AC3-4030-B87C-08197309F045}.Release|iPhone.ActiveCfg = Release|x86
		{02FED120-9AC3-4030-B87C-08197309F045}.Release|iPhoneSimulator.ActiveCfg = Release|x86
		{02FED120-9AC3-4030-B87C-08197309F045}.Release|x64.ActiveCfg = Release|x64
		{02FED120-9AC3-4030-B87C-08197309F045}.Release|x64.Build.0 = Release|x64
		{02FED120-9AC3-4030-B87C-08197309F045}.Release|x64.Deploy.0 = Release|x64
		{02FED120-9AC3-4030-B87C-08197309F045}.Release|x86.ActiveCfg = Release|x86
		{02FED120-9AC3-4030-B87C-08197309F045}.Release|x86.Build.0 = Release|x86
		{02FED120-9AC3-4030-B87C-08197309F045}.Release|x86.Deploy.0 = Release|x86
	EndGlobalSection
	GlobalSection(SolutionProperties) = preSolution
		HideSolutionNode = FALSE
	EndGlobalSection
EndGlobal
