
Microsoft Visual Studio Solution File, Format Version 12.00
# Visual Studio 15
VisualStudioVersion = 15.0.27004.2005
MinimumVisualStudioVersion = 10.0.40219.1
Project("{FAE04EC0-301F-11D3-BF4B-00C04F79EFBC}") = "Stopwatch.Android", "Stopwatch\Stopwatch.Android\Stopwatch.Android.csproj", "{2AC3C416-88E5-4E86-A167-4D3A87D7630E}"
EndProject
Project("{FAE04EC0-301F-11D3-BF4B-00C04F79EFBC}") = "Stopwatch", "Stopwatch\Stopwatch\Stopwatch.csproj", "{1EF615EF-F179-4B49-B53C-4F7885B26296}"
EndProject
Project("{FAE04EC0-301F-11D3-BF4B-00C04F79EFBC}") = "Stopwatch.UWP", "Stopwatch\Stopwatch.UWP\Stopwatch.UWP.csproj", "{AABBCBCF-EF28-4A66-879E-20FF40926C00}"
EndProject
Project("{FAE04EC0-301F-11D3-BF4B-00C04F79EFBC}") = "Stopwatch.iOS", "Stopwatch\Stopwatch.iOS\Stopwatch.iOS.csproj", "{A456E9E3-9A64-4094-A4D0-FF722F8D9BA4}"
EndProject
Global
	GlobalSection(SolutionConfigurationPlatforms) = preSolution
		Ad-Hoc|Any CPU = Ad-Hoc|Any CPU
		Ad-Hoc|ARM = Ad-Hoc|ARM
		Ad-Hoc|iPhone = Ad-Hoc|iPhone
		Ad-Hoc|iPhoneSimulator = Ad-Hoc|iPhoneSimulator
		Ad-Hoc|x64 = Ad-Hoc|x64
		Ad-Hoc|x86 = Ad-Hoc|x86
		AppStore|Any CPU = AppStore|Any CPU
		AppStore|ARM = AppStore|ARM
		AppStore|iPhone = AppStore|iPhone
		AppStore|iPhoneSimulator = AppStore|iPhoneSimulator
		AppStore|x64 = AppStore|x64
		AppStore|x86 = AppStore|x86
		Debug|Any CPU = Debug|Any CPU
		Debug|ARM = Debug|ARM
		Debug|iPhone = Debug|iPhone
		Debug|iPhoneSimulator = Debug|iPhoneSimulator
		Debug|x64 = Debug|x64
		Debug|x86 = Debug|x86
		Release|Any CPU = Release|Any CPU
		Release|ARM = Release|ARM
		Release|iPhone = Release|iPhone
		Release|iPhoneSimulator = Release|iPhoneSimulator
		Release|x64 = Release|x64
		Release|x86 = Release|x86
	EndGlobalSection
	GlobalSection(ProjectConfigurationPlatforms) = postSolution
		{2AC3C416-88E5-4E86-A167-4D3A87D7630E}.Ad-Hoc|Any CPU.ActiveCfg = Release|Any CPU
		{2AC3C416-88E5-4E86-A167-4D3A87D7630E}.Ad-Hoc|Any CPU.Build.0 = Release|Any CPU
		{2AC3C416-88E5-4E86-A167-4D3A87D7630E}.Ad-Hoc|Any CPU.Deploy.0 = Release|Any CPU
		{2AC3C416-88E5-4E86-A167-4D3A87D7630E}.Ad-Hoc|ARM.ActiveCfg = Release|Any CPU
		{2AC3C416-88E5-4E86-A167-4D3A87D7630E}.Ad-Hoc|ARM.Build.0 = Release|Any CPU
		{2AC3C416-88E5-4E86-A167-4D3A87D7630E}.Ad-Hoc|ARM.Deploy.0 = Release|Any CPU
		{2AC3C416-88E5-4E86-A167-4D3A87D7630E}.Ad-Hoc|iPhone.ActiveCfg = Release|Any CPU
		{2AC3C416-88E5-4E86-A167-4D3A87D7630E}.Ad-Hoc|iPhone.Build.0 = Release|Any CPU
		{2AC3C416-88E5-4E86-A167-4D3A87D7630E}.Ad-Hoc|iPhone.Deploy.0 = Release|Any CPU
		{2AC3C416-88E5-4E86-A167-4D3A87D7630E}.Ad-Hoc|iPhoneSimulator.ActiveCfg = Release|Any CPU
		{2AC3C416-88E5-4E86-A167-4D3A87D7630E}.Ad-Hoc|iPhoneSimulator.Build.0 = Release|Any CPU
		{2AC3C416-88E5-4E86-A167-4D3A87D7630E}.Ad-Hoc|iPhoneSimulator.Deploy.0 = Release|Any CPU
		{2AC3C416-88E5-4E86-A167-4D3A87D7630E}.Ad-Hoc|x64.ActiveCfg = Release|Any CPU
		{2AC3C416-88E5-4E86-A167-4D3A87D7630E}.Ad-Hoc|x64.Build.0 = Release|Any CPU
		{2AC3C416-88E5-4E86-A167-4D3A87D7630E}.Ad-Hoc|x64.Deploy.0 = Release|Any CPU
		{2AC3C416-88E5-4E86-A167-4D3A87D7630E}.Ad-Hoc|x86.ActiveCfg = Release|Any CPU
		{2AC3C416-88E5-4E86-A167-4D3A87D7630E}.Ad-Hoc|x86.Build.0 = Release|Any CPU
		{2AC3C416-88E5-4E86-A167-4D3A87D7630E}.Ad-Hoc|x86.Deploy.0 = Release|Any CPU
		{2AC3C416-88E5-4E86-A167-4D3A87D7630E}.AppStore|Any CPU.ActiveCfg = Release|Any CPU
		{2AC3C416-88E5-4E86-A167-4D3A87D7630E}.AppStore|Any CPU.Build.0 = Release|Any CPU
		{2AC3C416-88E5-4E86-A167-4D3A87D7630E}.AppStore|Any CPU.Deploy.0 = Release|Any CPU
		{2AC3C416-88E5-4E86-A167-4D3A87D7630E}.AppStore|ARM.ActiveCfg = Release|Any CPU
		{2AC3C416-88E5-4E86-A167-4D3A87D7630E}.AppStore|ARM.Build.0 = Release|Any CPU
		{2AC3C416-88E5-4E86-A167-4D3A87D7630E}.AppStore|ARM.Deploy.0 = Release|Any CPU
		{2AC3C416-88E5-4E86-A167-4D3A87D7630E}.AppStore|iPhone.ActiveCfg = Release|Any CPU
		{2AC3C416-88E5-4E86-A167-4D3A87D7630E}.AppStore|iPhone.Build.0 = Release|Any CPU
		{2AC3C416-88E5-4E86-A167-4D3A87D7630E}.AppStore|iPhone.Deploy.0 = Release|Any CPU
		{2AC3C416-88E5-4E86-A167-4D3A87D7630E}.AppStore|iPhoneSimulator.ActiveCfg = Release|Any CPU
		{2AC3C416-88E5-4E86-A167-4D3A87D7630E}.AppStore|iPhoneSimulator.Build.0 = Release|Any CPU
		{2AC3C416-88E5-4E86-A167-4D3A87D7630E}.AppStore|iPhoneSimulator.Deploy.0 = Release|Any CPU
		{2AC3C416-88E5-4E86-A167-4D3A87D7630E}.AppStore|x64.ActiveCfg = Release|Any CPU
		{2AC3C416-88E5-4E86-A167-4D3A87D7630E}.AppStore|x64.Build.0 = Release|Any CPU
		{2AC3C416-88E5-4E86-A167-4D3A87D7630E}.AppStore|x64.Deploy.0 = Release|Any CPU
		{2AC3C416-88E5-4E86-A167-4D3A87D7630E}.AppStore|x86.ActiveCfg = Release|Any CPU
		{2AC3C416-88E5-4E86-A167-4D3A87D7630E}.AppStore|x86.Build.0 = Release|Any CPU
		{2AC3C416-88E5-4E86-A167-4D3A87D7630E}.AppStore|x86.Deploy.0 = Release|Any CPU
		{2AC3C416-88E5-4E86-A167-4D3A87D7630E}.Debug|Any CPU.ActiveCfg = Debug|Any CPU
		{2AC3C416-88E5-4E86-A167-4D3A87D7630E}.Debug|Any CPU.Build.0 = Debug|Any CPU
		{2AC3C416-88E5-4E86-A167-4D3A87D7630E}.Debug|Any CPU.Deploy.0 = Debug|Any CPU
		{2AC3C416-88E5-4E86-A167-4D3A87D7630E}.Debug|ARM.ActiveCfg = Debug|Any CPU
		{2AC3C416-88E5-4E86-A167-4D3A87D7630E}.Debug|ARM.Build.0 = Debug|Any CPU
		{2AC3C416-88E5-4E86-A167-4D3A87D7630E}.Debug|ARM.Deploy.0 = Debug|Any CPU
		{2AC3C416-88E5-4E86-A167-4D3A87D7630E}.Debug|iPhone.ActiveCfg = Debug|Any CPU
		{2AC3C416-88E5-4E86-A167-4D3A87D7630E}.Debug|iPhone.Build.0 = Debug|Any CPU
		{2AC3C416-88E5-4E86-A167-4D3A87D7630E}.Debug|iPhone.Deploy.0 = Debug|Any CPU
		{2AC3C416-88E5-4E86-A167-4D3A87D7630E}.Debug|iPhoneSimulator.ActiveCfg = Debug|Any CPU
		{2AC3C416-88E5-4E86-A167-4D3A87D7630E}.Debug|iPhoneSimulator.Build.0 = Debug|Any CPU
		{2AC3C416-88E5-4E86-A167-4D3A87D7630E}.Debug|iPhoneSimulator.Deploy.0 = Debug|Any CPU
		{2AC3C416-88E5-4E86-A167-4D3A87D7630E}.Debug|x64.ActiveCfg = Debug|Any CPU
		{2AC3C416-88E5-4E86-A167-4D3A87D7630E}.Debug|x64.Build.0 = Debug|Any CPU
		{2AC3C416-88E5-4E86-A167-4D3A87D7630E}.Debug|x64.Deploy.0 = Debug|Any CPU
		{2AC3C416-88E5-4E86-A167-4D3A87D7630E}.Debug|x86.ActiveCfg = Debug|Any CPU
		{2AC3C416-88E5-4E86-A167-4D3A87D7630E}.Debug|x86.Build.0 = Debug|Any CPU
		{2AC3C416-88E5-4E86-A167-4D3A87D7630E}.Debug|x86.Deploy.0 = Debug|Any CPU
		{2AC3C416-88E5-4E86-A167-4D3A87D7630E}.Release|Any CPU.ActiveCfg = Release|Any CPU
		{2AC3C416-88E5-4E86-A167-4D3A87D7630E}.Release|Any CPU.Build.0 = Release|Any CPU
		{2AC3C416-88E5-4E86-A167-4D3A87D7630E}.Release|Any CPU.Deploy.0 = Release|Any CPU
		{2AC3C416-88E5-4E86-A167-4D3A87D7630E}.Release|ARM.ActiveCfg = Release|Any CPU
		{2AC3C416-88E5-4E86-A167-4D3A87D7630E}.Release|ARM.Build.0 = Release|Any CPU
		{2AC3C416-88E5-4E86-A167-4D3A87D7630E}.Release|ARM.Deploy.0 = Release|Any CPU
		{2AC3C416-88E5-4E86-A167-4D3A87D7630E}.Release|iPhone.ActiveCfg = Release|Any CPU
		{2AC3C416-88E5-4E86-A167-4D3A87D7630E}.Release|iPhone.Build.0 = Release|Any CPU
		{2AC3C416-88E5-4E86-A167-4D3A87D7630E}.Release|iPhone.Deploy.0 = Release|Any CPU
		{2AC3C416-88E5-4E86-A167-4D3A87D7630E}.Release|iPhoneSimulator.ActiveCfg = Release|Any CPU
		{2AC3C416-88E5-4E86-A167-4D3A87D7630E}.Release|iPhoneSimulator.Build.0 = Release|Any CPU
		{2AC3C416-88E5-4E86-A167-4D3A87D7630E}.Release|iPhoneSimulator.Deploy.0 = Release|Any CPU
		{2AC3C416-88E5-4E86-A167-4D3A87D7630E}.Release|x64.ActiveCfg = Release|Any CPU
		{2AC3C416-88E5-4E86-A167-4D3A87D7630E}.Release|x64.Build.0 = Release|Any CPU
		{2AC3C416-88E5-4E86-A167-4D3A87D7630E}.Release|x64.Deploy.0 = Release|Any CPU
		{2AC3C416-88E5-4E86-A167-4D3A87D7630E}.Release|x86.ActiveCfg = Release|Any CPU
		{2AC3C416-88E5-4E86-A167-4D3A87D7630E}.Release|x86.Build.0 = Release|Any CPU
		{2AC3C416-88E5-4E86-A167-4D3A87D7630E}.Release|x86.Deploy.0 = Release|Any CPU
		{1EF615EF-F179-4B49-B53C-4F7885B26296}.Ad-Hoc|Any CPU.ActiveCfg = Release|Any CPU
		{1EF615EF-F179-4B49-B53C-4F7885B26296}.Ad-Hoc|Any CPU.Build.0 = Release|Any CPU
		{1EF615EF-F179-4B49-B53C-4F7885B26296}.Ad-Hoc|ARM.ActiveCfg = Release|Any CPU
		{1EF615EF-F179-4B49-B53C-4F7885B26296}.Ad-Hoc|ARM.Build.0 = Release|Any CPU
		{1EF615EF-F179-4B49-B53C-4F7885B26296}.Ad-Hoc|iPhone.ActiveCfg = Release|Any CPU
		{1EF615EF-F179-4B49-B53C-4F7885B26296}.Ad-Hoc|iPhone.Build.0 = Release|Any CPU
		{1EF615EF-F179-4B49-B53C-4F7885B26296}.Ad-Hoc|iPhoneSimulator.ActiveCfg = Release|Any CPU
		{1EF615EF-F179-4B49-B53C-4F7885B26296}.Ad-Hoc|iPhoneSimulator.Build.0 = Release|Any CPU
		{1EF615EF-F179-4B49-B53C-4F7885B26296}.Ad-Hoc|x64.ActiveCfg = Release|Any CPU
		{1EF615EF-F179-4B49-B53C-4F7885B26296}.Ad-Hoc|x64.Build.0 = Release|Any CPU
		{1EF615EF-F179-4B49-B53C-4F7885B26296}.Ad-Hoc|x86.ActiveCfg = Release|Any CPU
		{1EF615EF-F179-4B49-B53C-4F7885B26296}.Ad-Hoc|x86.Build.0 = Release|Any CPU
		{1EF615EF-F179-4B49-B53C-4F7885B26296}.AppStore|Any CPU.ActiveCfg = Release|Any CPU
		{1EF615EF-F179-4B49-B53C-4F7885B26296}.AppStore|Any CPU.Build.0 = Release|Any CPU
		{1EF615EF-F179-4B49-B53C-4F7885B26296}.AppStore|ARM.ActiveCfg = Release|Any CPU
		{1EF615EF-F179-4B49-B53C-4F7885B26296}.AppStore|ARM.Build.0 = Release|Any CPU
		{1EF615EF-F179-4B49-B53C-4F7885B26296}.AppStore|iPhone.ActiveCfg = Release|Any CPU
		{1EF615EF-F179-4B49-B53C-4F7885B26296}.AppStore|iPhone.Build.0 = Release|Any CPU
		{1EF615EF-F179-4B49-B53C-4F7885B26296}.AppStore|iPhoneSimulator.ActiveCfg = Release|Any CPU
		{1EF615EF-F179-4B49-B53C-4F7885B26296}.AppStore|iPhoneSimulator.Build.0 = Release|Any CPU
		{1EF615EF-F179-4B49-B53C-4F7885B26296}.AppStore|x64.ActiveCfg = Release|Any CPU
		{1EF615EF-F179-4B49-B53C-4F7885B26296}.AppStore|x64.Build.0 = Release|Any CPU
		{1EF615EF-F179-4B49-B53C-4F7885B26296}.AppStore|x86.ActiveCfg = Release|Any CPU
		{1EF615EF-F179-4B49-B53C-4F7885B26296}.AppStore|x86.Build.0 = Release|Any CPU
		{1EF615EF-F179-4B49-B53C-4F7885B26296}.Debug|Any CPU.ActiveCfg = Debug|Any CPU
		{1EF615EF-F179-4B49-B53C-4F7885B26296}.Debug|Any CPU.Build.0 = Debug|Any CPU
		{1EF615EF-F179-4B49-B53C-4F7885B26296}.Debug|ARM.ActiveCfg = Debug|Any CPU
		{1EF615EF-F179-4B49-B53C-4F7885B26296}.Debug|ARM.Build.0 = Debug|Any CPU
		{1EF615EF-F179-4B49-B53C-4F7885B26296}.Debug|iPhone.ActiveCfg = Debug|Any CPU
		{1EF615EF-F179-4B49-B53C-4F7885B26296}.Debug|iPhone.Build.0 = Debug|Any CPU
		{1EF615EF-F179-4B49-B53C-4F7885B26296}.Debug|iPhoneSimulator.ActiveCfg = Debug|Any CPU
		{1EF615EF-F179-4B49-B53C-4F7885B26296}.Debug|iPhoneSimulator.Build.0 = Debug|Any CPU
		{1EF615EF-F179-4B49-B53C-4F7885B26296}.Debug|x64.ActiveCfg = Debug|Any CPU
		{1EF615EF-F179-4B49-B53C-4F7885B26296}.Debug|x64.Build.0 = Debug|Any CPU
		{1EF615EF-F179-4B49-B53C-4F7885B26296}.Debug|x86.ActiveCfg = Debug|Any CPU
		{1EF615EF-F179-4B49-B53C-4F7885B26296}.Debug|x86.Build.0 = Debug|Any CPU
		{1EF615EF-F179-4B49-B53C-4F7885B26296}.Release|Any CPU.ActiveCfg = Release|Any CPU
		{1EF615EF-F179-4B49-B53C-4F7885B26296}.Release|Any CPU.Build.0 = Release|Any CPU
		{1EF615EF-F179-4B49-B53C-4F7885B26296}.Release|ARM.ActiveCfg = Release|Any CPU
		{1EF615EF-F179-4B49-B53C-4F7885B26296}.Release|ARM.Build.0 = Release|Any CPU
		{1EF615EF-F179-4B49-B53C-4F7885B26296}.Release|iPhone.ActiveCfg = Release|Any CPU
		{1EF615EF-F179-4B49-B53C-4F7885B26296}.Release|iPhone.Build.0 = Release|Any CPU
		{1EF615EF-F179-4B49-B53C-4F7885B26296}.Release|iPhoneSimulator.ActiveCfg = Release|Any CPU
		{1EF615EF-F179-4B49-B53C-4F7885B26296}.Release|iPhoneSimulator.Build.0 = Release|Any CPU
		{1EF615EF-F179-4B49-B53C-4F7885B26296}.Release|x64.ActiveCfg = Release|Any CPU
		{1EF615EF-F179-4B49-B53C-4F7885B26296}.Release|x64.Build.0 = Release|Any CPU
		{1EF615EF-F179-4B49-B53C-4F7885B26296}.Release|x86.ActiveCfg = Release|Any CPU
		{1EF615EF-F179-4B49-B53C-4F7885B26296}.Release|x86.Build.0 = Release|Any CPU
		{AABBCBCF-EF28-4A66-879E-20FF40926C00}.Ad-Hoc|Any CPU.ActiveCfg = Release|x86
		{AABBCBCF-EF28-4A66-879E-20FF40926C00}.Ad-Hoc|Any CPU.Build.0 = Release|x86
		{AABBCBCF-EF28-4A66-879E-20FF40926C00}.Ad-Hoc|Any CPU.Deploy.0 = Release|x86
		{AABBCBCF-EF28-4A66-879E-20FF40926C00}.Ad-Hoc|ARM.ActiveCfg = Release|ARM
		{AABBCBCF-EF28-4A66-879E-20FF40926C00}.Ad-Hoc|ARM.Build.0 = Release|ARM
		{AABBCBCF-EF28-4A66-879E-20FF40926C00}.Ad-Hoc|ARM.Deploy.0 = Release|ARM
		{AABBCBCF-EF28-4A66-879E-20FF40926C00}.Ad-Hoc|iPhone.ActiveCfg = Release|x86
		{AABBCBCF-EF28-4A66-879E-20FF40926C00}.Ad-Hoc|iPhone.Build.0 = Release|x86
		{AABBCBCF-EF28-4A66-879E-20FF40926C00}.Ad-Hoc|iPhone.Deploy.0 = Release|x86
		{AABBCBCF-EF28-4A66-879E-20FF40926C00}.Ad-Hoc|iPhoneSimulator.ActiveCfg = Release|x86
		{AABBCBCF-EF28-4A66-879E-20FF40926C00}.Ad-Hoc|iPhoneSimulator.Build.0 = Release|x86
		{AABBCBCF-EF28-4A66-879E-20FF40926C00}.Ad-Hoc|iPhoneSimulator.Deploy.0 = Release|x86
		{AABBCBCF-EF28-4A66-879E-20FF40926C00}.Ad-Hoc|x64.ActiveCfg = Release|x64
		{AABBCBCF-EF28-4A66-879E-20FF40926C00}.Ad-Hoc|x64.Build.0 = Release|x64
		{AABBCBCF-EF28-4A66-879E-20FF40926C00}.Ad-Hoc|x64.Deploy.0 = Release|x64
		{AABBCBCF-EF28-4A66-879E-20FF40926C00}.Ad-Hoc|x86.ActiveCfg = Release|x86
		{AABBCBCF-EF28-4A66-879E-20FF40926C00}.Ad-Hoc|x86.Build.0 = Release|x86
		{AABBCBCF-EF28-4A66-879E-20FF40926C00}.Ad-Hoc|x86.Deploy.0 = Release|x86
		{AABBCBCF-EF28-4A66-879E-20FF40926C00}.AppStore|Any CPU.ActiveCfg = Release|x86
		{AABBCBCF-EF28-4A66-879E-20FF40926C00}.AppStore|Any CPU.Build.0 = Release|x86
		{AABBCBCF-EF28-4A66-879E-20FF40926C00}.AppStore|Any CPU.Deploy.0 = Release|x86
		{AABBCBCF-EF28-4A66-879E-20FF40926C00}.AppStore|ARM.ActiveCfg = Release|ARM
		{AABBCBCF-EF28-4A66-879E-20FF40926C00}.AppStore|ARM.Build.0 = Release|ARM
		{AABBCBCF-EF28-4A66-879E-20FF40926C00}.AppStore|ARM.Deploy.0 = Release|ARM
		{AABBCBCF-EF28-4A66-879E-20FF40926C00}.AppStore|iPhone.ActiveCfg = Release|x86
		{AABBCBCF-EF28-4A66-879E-20FF40926C00}.AppStore|iPhone.Build.0 = Release|x86
		{AABBCBCF-EF28-4A66-879E-20FF40926C00}.AppStore|iPhone.Deploy.0 = Release|x86
		{AABBCBCF-EF28-4A66-879E-20FF40926C00}.AppStore|iPhoneSimulator.ActiveCfg = Release|x86
		{AABBCBCF-EF28-4A66-879E-20FF40926C00}.AppStore|iPhoneSimulator.Build.0 = Release|x86
		{AABBCBCF-EF28-4A66-879E-20FF40926C00}.AppStore|iPhoneSimulator.Deploy.0 = Release|x86
		{AABBCBCF-EF28-4A66-879E-20FF40926C00}.AppStore|x64.ActiveCfg = Release|x64
		{AABBCBCF-EF28-4A66-879E-20FF40926C00}.AppStore|x64.Build.0 = Release|x64
		{AABBCBCF-EF28-4A66-879E-20FF40926C00}.AppStore|x64.Deploy.0 = Release|x64
		{AABBCBCF-EF28-4A66-879E-20FF40926C00}.AppStore|x86.ActiveCfg = Release|x86
		{AABBCBCF-EF28-4A66-879E-20FF40926C00}.AppStore|x86.Build.0 = Release|x86
		{AABBCBCF-EF28-4A66-879E-20FF40926C00}.AppStore|x86.Deploy.0 = Release|x86
		{AABBCBCF-EF28-4A66-879E-20FF40926C00}.Debug|Any CPU.ActiveCfg = Debug|x86
		{AABBCBCF-EF28-4A66-879E-20FF40926C00}.Debug|ARM.ActiveCfg = Debug|ARM
		{AABBCBCF-EF28-4A66-879E-20FF40926C00}.Debug|ARM.Build.0 = Debug|ARM
		{AABBCBCF-EF28-4A66-879E-20FF40926C00}.Debug|ARM.Deploy.0 = Debug|ARM
		{AABBCBCF-EF28-4A66-879E-20FF40926C00}.Debug|iPhone.ActiveCfg = Debug|x86
		{AABBCBCF-EF28-4A66-879E-20FF40926C00}.Debug|iPhoneSimulator.ActiveCfg = Debug|x86
		{AABBCBCF-EF28-4A66-879E-20FF40926C00}.Debug|x64.ActiveCfg = Debug|x64
		{AABBCBCF-EF28-4A66-879E-20FF40926C00}.Debug|x64.Build.0 = Debug|x64
		{AABBCBCF-EF28-4A66-879E-20FF40926C00}.Debug|x64.Deploy.0 = Debug|x64
		{AABBCBCF-EF28-4A66-879E-20FF40926C00}.Debug|x86.ActiveCfg = Debug|x86
		{AABBCBCF-EF28-4A66-879E-20FF40926C00}.Debug|x86.Build.0 = Debug|x86
		{AABBCBCF-EF28-4A66-879E-20FF40926C00}.Debug|x86.Deploy.0 = Debug|x86
		{AABBCBCF-EF28-4A66-879E-20FF40926C00}.Release|Any CPU.ActiveCfg = Release|x86
		{AABBCBCF-EF28-4A66-879E-20FF40926C00}.Release|ARM.ActiveCfg = Release|ARM
		{AABBCBCF-EF28-4A66-879E-20FF40926C00}.Release|ARM.Build.0 = Release|ARM
		{AABBCBCF-EF28-4A66-879E-20FF40926C00}.Release|ARM.Deploy.0 = Release|ARM
		{AABBCBCF-EF28-4A66-879E-20FF40926C00}.Release|iPhone.ActiveCfg = Release|x86
		{AABBCBCF-EF28-4A66-879E-20FF40926C00}.Release|iPhoneSimulator.ActiveCfg = Release|x86
		{AABBCBCF-EF28-4A66-879E-20FF40926C00}.Release|x64.ActiveCfg = Release|x64
		{AABBCBCF-EF28-4A66-879E-20FF40926C00}.Release|x64.Build.0 = Release|x64
		{AABBCBCF-EF28-4A66-879E-20FF40926C00}.Release|x64.Deploy.0 = Release|x64
		{AABBCBCF-EF28-4A66-879E-20FF40926C00}.Release|x86.ActiveCfg = Release|x86
		{AABBCBCF-EF28-4A66-879E-20FF40926C00}.Release|x86.Build.0 = Release|x86
		{AABBCBCF-EF28-4A66-879E-20FF40926C00}.Release|x86.Deploy.0 = Release|x86
		{A456E9E3-9A64-4094-A4D0-FF722F8D9BA4}.Ad-Hoc|Any CPU.ActiveCfg = Ad-Hoc|iPhoneSimulator
		{A456E9E3-9A64-4094-A4D0-FF722F8D9BA4}.Ad-Hoc|ARM.ActiveCfg = Ad-Hoc|iPhone
		{A456E9E3-9A64-4094-A4D0-FF722F8D9BA4}.Ad-Hoc|iPhone.ActiveCfg = Ad-Hoc|iPhone
		{A456E9E3-9A64-4094-A4D0-FF722F8D9BA4}.Ad-Hoc|iPhone.Build.0 = Ad-Hoc|iPhone
		{A456E9E3-9A64-4094-A4D0-FF722F8D9BA4}.Ad-Hoc|iPhoneSimulator.ActiveCfg = Ad-Hoc|iPhoneSimulator
		{A456E9E3-9A64-4094-A4D0-FF722F8D9BA4}.Ad-Hoc|iPhoneSimulator.Build.0 = Ad-Hoc|iPhoneSimulator
		{A456E9E3-9A64-4094-A4D0-FF722F8D9BA4}.Ad-Hoc|x64.ActiveCfg = Ad-Hoc|iPhone
		{A456E9E3-9A64-4094-A4D0-FF722F8D9BA4}.Ad-Hoc|x86.ActiveCfg = Ad-Hoc|iPhone
		{A456E9E3-9A64-4094-A4D0-FF722F8D9BA4}.AppStore|Any CPU.ActiveCfg = AppStore|iPhoneSimulator
		{A456E9E3-9A64-4094-A4D0-FF722F8D9BA4}.AppStore|ARM.ActiveCfg = AppStore|iPhone
		{A456E9E3-9A64-4094-A4D0-FF722F8D9BA4}.AppStore|iPhone.ActiveCfg = AppStore|iPhone
		{A456E9E3-9A64-4094-A4D0-FF722F8D9BA4}.AppStore|iPhone.Build.0 = AppStore|iPhone
		{A456E9E3-9A64-4094-A4D0-FF722F8D9BA4}.AppStore|iPhoneSimulator.ActiveCfg = AppStore|iPhoneSimulator
		{A456E9E3-9A64-4094-A4D0-FF722F8D9BA4}.AppStore|iPhoneSimulator.Build.0 = AppStore|iPhoneSimulator
		{A456E9E3-9A64-4094-A4D0-FF722F8D9BA4}.AppStore|x64.ActiveCfg = AppStore|iPhone
		{A456E9E3-9A64-4094-A4D0-FF722F8D9BA4}.AppStore|x86.ActiveCfg = AppStore|iPhone
		{A456E9E3-9A64-4094-A4D0-FF722F8D9BA4}.Debug|Any CPU.ActiveCfg = Debug|iPhoneSimulator
		{A456E9E3-9A64-4094-A4D0-FF722F8D9BA4}.Debug|ARM.ActiveCfg = Debug|iPhone
		{A456E9E3-9A64-4094-A4D0-FF722F8D9BA4}.Debug|iPhone.ActiveCfg = Debug|iPhone
		{A456E9E3-9A64-4094-A4D0-FF722F8D9BA4}.Debug|iPhone.Build.0 = Debug|iPhone
		{A456E9E3-9A64-4094-A4D0-FF722F8D9BA4}.Debug|iPhoneSimulator.ActiveCfg = Debug|iPhoneSimulator
		{A456E9E3-9A64-4094-A4D0-FF722F8D9BA4}.Debug|iPhoneSimulator.Build.0 = Debug|iPhoneSimulator
		{A456E9E3-9A64-4094-A4D0-FF722F8D9BA4}.Debug|x64.ActiveCfg = Debug|iPhone
		{A456E9E3-9A64-4094-A4D0-FF722F8D9BA4}.Debug|x86.ActiveCfg = Debug|iPhone
		{A456E9E3-9A64-4094-A4D0-FF722F8D9BA4}.Release|Any CPU.ActiveCfg = Release|iPhoneSimulator
		{A456E9E3-9A64-4094-A4D0-FF722F8D9BA4}.Release|ARM.ActiveCfg = Release|iPhone
		{A456E9E3-9A64-4094-A4D0-FF722F8D9BA4}.Release|iPhone.ActiveCfg = Release|iPhone
		{A456E9E3-9A64-4094-A4D0-FF722F8D9BA4}.Release|iPhone.Build.0 = Release|iPhone
		{A456E9E3-9A64-4094-A4D0-FF722F8D9BA4}.Release|iPhoneSimulator.ActiveCfg = Release|iPhoneSimulator
		{A456E9E3-9A64-4094-A4D0-FF722F8D9BA4}.Release|iPhoneSimulator.Build.0 = Release|iPhoneSimulator
		{A456E9E3-9A64-4094-A4D0-FF722F8D9BA4}.Release|x64.ActiveCfg = Release|iPhone
		{A456E9E3-9A64-4094-A4D0-FF722F8D9BA4}.Release|x86.ActiveCfg = Release|iPhone
	EndGlobalSection
	GlobalSection(SolutionProperties) = preSolution
		HideSolutionNode = FALSE
	EndGlobalSection
	GlobalSection(ExtensibilityGlobals) = postSolution
		SolutionGuid = {5D7F000F-9009-415D-AEFB-F4E9F5276841}
	EndGlobalSection
EndGlobal
